// !$*UTF8*$!
{
	archiveVersion = 1;
	classes = {
	};
	objectVersion = 56;
	objects = {

/* Begin PBXBuildFile section */
		52E6A7BD2B279D1C008A0ED5 /* CS50ConverterApp.swift in Sources */ = {isa = PBXBuildFile; fileRef = 52E6A7BC2B279D1C008A0ED5 /* CS50ConverterApp.swift */; };
		52E6A7BF2B279D1C008A0ED5 /* ContentView.swift in Sources */ = {isa = PBXBuildFile; fileRef = 52E6A7BE2B279D1C008A0ED5 /* ContentView.swift */; };
		52E6A7C12B279D1D008A0ED5 /* Assets.xcassets in Resources */ = {isa = PBXBuildFile; fileRef = 52E6A7C02B279D1D008A0ED5 /* Assets.xcassets */; };
		52E6A7C42B279D1D008A0ED5 /* Preview Assets.xcassets in Resources */ = {isa = PBXBuildFile; fileRef = 52E6A7C32B279D1D008A0ED5 /* Preview Assets.xcassets */; };
		52E6A7CD2B27A038008A0ED5 /* Test.swift in Sources */ = {isa = PBXBuildFile; fileRef = 52E6A7CC2B27A038008A0ED5 /* Test.swift */; };
		52E6A7CF2B27DB58008A0ED5 /* LengthView.swift in Sources */ = {isa = PBXBuildFile; fileRef = 52E6A7CE2B27DB58008A0ED5 /* LengthView.swift */; };
		52E6A7D12B27DB77008A0ED5 /* WeightView.swift in Sources */ = {isa = PBXBuildFile; fileRef = 52E6A7D02B27DB77008A0ED5 /* WeightView.swift */; };
		52E6A7D32B27DBC1008A0ED5 /* SpeedView.swift in Sources */ = {isa = PBXBuildFile; fileRef = 52E6A7D22B27DBC1008A0ED5 /* SpeedView.swift */; };
		52E6A7D52B27DBD5008A0ED5 /* TemperatureView.swift in Sources */ = {isa = PBXBuildFile; fileRef = 52E6A7D42B27DBD5008A0ED5 /* TemperatureView.swift */; };
		52E6A7D72B27DC5C008A0ED5 /* VolumeView.swift in Sources */ = {isa = PBXBuildFile; fileRef = 52E6A7D62B27DC5C008A0ED5 /* VolumeView.swift */; };
/* End PBXBuildFile section */

/* Begin PBXFileReference section */
		52E6A7B92B279D1C008A0ED5 /* CS50Converter.app */ = {isa = PBXFileReference; explicitFileType = wrapper.application; includeInIndex = 0; path = CS50Converter.app; sourceTree = BUILT_PRODUCTS_DIR; };
		52E6A7BC2B279D1C008A0ED5 /* CS50ConverterApp.swift */ = {isa = PBXFileReference; lastKnownFileType = sourcecode.swift; path = CS50ConverterApp.swift; sourceTree = "<group>"; };
		52E6A7BE2B279D1C008A0ED5 /* ContentView.swift */ = {isa = PBXFileReference; lastKnownFileType = sourcecode.swift; path = ContentView.swift; sourceTree = "<group>"; };
		52E6A7C02B279D1D008A0ED5 /* Assets.xcassets */ = {isa = PBXFileReference; lastKnownFileType = folder.assetcatalog; path = Assets.xcassets; sourceTree = "<group>"; };
		52E6A7C32B279D1D008A0ED5 /* Preview Assets.xcassets */ = {isa = PBXFileReference; lastKnownFileType = folder.assetcatalog; path = "Preview Assets.xcassets"; sourceTree = "<group>"; };
		52E6A7CC2B27A038008A0ED5 /* Test.swift */ = {isa = PBXFileReference; lastKnownFileType = sourcecode.swift; path = Test.swift; sourceTree = "<group>"; };
		52E6A7CE2B27DB58008A0ED5 /* LengthView.swift */ = {isa = PBXFileReference; lastKnownFileType = sourcecode.swift; path = LengthView.swift; sourceTree = "<group>"; };
		52E6A7D02B27DB77008A0ED5 /* WeightView.swift */ = {isa = PBXFileReference; lastKnownFileType = sourcecode.swift; path = WeightView.swift; sourceTree = "<group>"; };
		52E6A7D22B27DBC1008A0ED5 /* SpeedView.swift */ = {isa = PBXFileReference; lastKnownFileType = sourcecode.swift; path = SpeedView.swift; sourceTree = "<group>"; };
		52E6A7D42B27DBD5008A0ED5 /* TemperatureView.swift */ = {isa = PBXFileReference; lastKnownFileType = sourcecode.swift; path = TemperatureView.swift; sourceTree = "<group>"; };
		52E6A7D62B27DC5C008A0ED5 /* VolumeView.swift */ = {isa = PBXFileReference; lastKnownFileType = sourcecode.swift; path = VolumeView.swift; sourceTree = "<group>"; };
/* End PBXFileReference section */

/* Begin PBXFrameworksBuildPhase section */
		52E6A7B62B279D1C008A0ED5 /* Frameworks */ = {
			isa = PBXFrameworksBuildPhase;
			buildActionMask = 2147483647;
			files = (
			);
			runOnlyForDeploymentPostprocessing = 0;
		};
/* End PBXFrameworksBuildPhase section */

/* Begin PBXGroup section */
		52E6A7B02B279D1C008A0ED5 = {
			isa = PBXGroup;
			children = (
				52E6A7BB2B279D1C008A0ED5 /* CS50Converter */,
				52E6A7BA2B279D1C008A0ED5 /* Products */,
			);
			sourceTree = "<group>";
		};
		52E6A7BA2B279D1C008A0ED5 /* Products */ = {
			isa = PBXGroup;
			children = (
				52E6A7B92B279D1C008A0ED5 /* CS50Converter.app */,
			);
			name = Products;
			sourceTree = "<group>";
		};
		52E6A7BB2B279D1C008A0ED5 /* CS50Converter */ = {
			isa = PBXGroup;
			children = (
				52E6A7BC2B279D1C008A0ED5 /* CS50ConverterApp.swift */,
				52E6A7BE2B279D1C008A0ED5 /* ContentView.swift */,
				52E6A7D62B27DC5C008A0ED5 /* VolumeView.swift */,
				52E6A7D42B27DBD5008A0ED5 /* TemperatureView.swift */,
				52E6A7D22B27DBC1008A0ED5 /* SpeedView.swift */,
				52E6A7D02B27DB77008A0ED5 /* WeightView.swift */,
				52E6A7CE2B27DB58008A0ED5 /* LengthView.swift */,
				52E6A7CC2B27A038008A0ED5 /* Test.swift */,
				52E6A7C02B279D1D008A0ED5 /* Assets.xcassets */,
				52E6A7C22B279D1D008A0ED5 /* Preview Content */,
			);
			path = CS50Converter;
			sourceTree = "<group>";
		};
		52E6A7C22B279D1D008A0ED5 /* Preview Content */ = {
			isa = PBXGroup;
			children = (
				52E6A7C32B279D1D008A0ED5 /* Preview Assets.xcassets */,
			);
			path = "Preview Content";
			sourceTree = "<group>";
		};
/* End PBXGroup section */

/* Begin PBXNativeTarget section */
		52E6A7B82B279D1C008A0ED5 /* CS50Converter */ = {
			isa = PBXNativeTarget;
			buildConfigurationList = 52E6A7C72B279D1D008A0ED5 /* Build configuration list for PBXNativeTarget "CS50Converter" */;
			buildPhases = (
				52E6A7B52B279D1C008A0ED5 /* Sources */,
				52E6A7B62B279D1C008A0ED5 /* Frameworks */,
				52E6A7B72B279D1C008A0ED5 /* Resources */,
			);
			buildRules = (
			);
			dependencies = (
			);
			name = CS50Converter;
			productName = CS50Converter;
			productReference = 52E6A7B92B279D1C008A0ED5 /* CS50Converter.app */;
			productType = "com.apple.product-type.application";
		};
/* End PBXNativeTarget section */

/* Begin PBXProject section */
		52E6A7B12B279D1C008A0ED5 /* Project object */ = {
			isa = PBXProject;
			attributes = {
				BuildIndependentTargetsInParallel = 1;
				LastSwiftUpdateCheck = 1500;
				LastUpgradeCheck = 1500;
				TargetAttributes = {
					52E6A7B82B279D1C008A0ED5 = {
						CreatedOnToolsVersion = 15.0.1;
					};
				};
			};
			buildConfigurationList = 52E6A7B42B279D1C008A0ED5 /* Build configuration list for PBXProject "CS50Converter" */;
			compatibilityVersion = "Xcode 14.0";
			developmentRegion = en;
			hasScannedForEncodings = 0;
			knownRegions = (
				en,
				Base,
			);
			mainGroup = 52E6A7B02B279D1C008A0ED5;
			productRefGroup = 52E6A7BA2B279D1C008A0ED5 /* Products */;
			projectDirPath = "";
			projectRoot = "";
			targets = (
				52E6A7B82B279D1C008A0ED5 /* CS50Converter */,
			);
		};
/* End PBXProject section */

/* Begin PBXResourcesBuildPhase section */
		52E6A7B72B279D1C008A0ED5 /* Resources */ = {
			isa = PBXResourcesBuildPhase;
			buildActionMask = 2147483647;
			files = (
				52E6A7C42B279D1D008A0ED5 /* Preview Assets.xcassets in Resources */,
				52E6A7C12B279D1D008A0ED5 /* Assets.xcassets in Resources */,
			);
			runOnlyForDeploymentPostprocessing = 0;
		};
/* End PBXResourcesBuildPhase section */

/* Begin PBXSourcesBuildPhase section */
		52E6A7B52B279D1C008A0ED5 /* Sources */ = {
			isa = PBXSourcesBuildPhase;
			buildActionMask = 2147483647;
			files = (
				52E6A7D12B27DB77008A0ED5 /* WeightView.swift in Sources */,
				52E6A7CF2B27DB58008A0ED5 /* LengthView.swift in Sources */,
				52E6A7D32B27DBC1008A0ED5 /* SpeedView.swift in Sources */,
				52E6A7BF2B279D1C008A0ED5 /* ContentView.swift in Sources */,
				52E6A7BD2B279D1C008A0ED5 /* CS50ConverterApp.swift in Sources */,
				52E6A7D52B27DBD5008A0ED5 /* TemperatureView.swift in Sources */,
				52E6A7D72B27DC5C008A0ED5 /* VolumeView.swift in Sources */,
				52E6A7CD2B27A038008A0ED5 /* Test.swift in Sources */,
			);
			runOnlyForDeploymentPostprocessing = 0;
		};
/* End PBXSourcesBuildPhase section */

/* Begin XCBuildConfiguration section */
		52E6A7C52B279D1D008A0ED5 /* Debug */ = {
			isa = XCBuildConfiguration;
			buildSettings = {
				ALWAYS_SEARCH_USER_PATHS = NO;
				ASSETCATALOG_COMPILER_GENERATE_SWIFT_ASSET_SYMBOL_EXTENSIONS = YES;
				CLANG_ANALYZER_NONNULL = YES;
				CLANG_ANALYZER_NUMBER_OBJECT_CONVERSION = YES_AGGRESSIVE;
				CLANG_CXX_LANGUAGE_STANDARD = "gnu++20";
				CLANG_ENABLE_MODULES = YES;
				CLANG_ENABLE_OBJC_ARC = YES;
				CLANG_ENABLE_OBJC_WEAK = YES;
				CLANG_WARN_BLOCK_CAPTURE_AUTORELEASING = YES;
				CLANG_WARN_BOOL_CONVERSION = YES;
				CLANG_WARN_COMMA = YES;
				CLANG_WARN_CONSTANT_CONVERSION = YES;
				CLANG_WARN_DEPRECATED_OBJC_IMPLEMENTATIONS = YES;
				CLANG_WARN_DIRECT_OBJC_ISA_USAGE = YES_ERROR;
				CLANG_WARN_DOCUMENTATION_COMMENTS = YES;
				CLANG_WARN_EMPTY_BODY = YES;
				CLANG_WARN_ENUM_CONVERSION = YES;
				CLANG_WARN_INFINITE_RECURSION = YES;
				CLANG_WARN_INT_CONVERSION = YES;
				CLANG_WARN_NON_LITERAL_NULL_CONVERSION = YES;
				CLANG_WARN_OBJC_IMPLICIT_RETAIN_SELF = YES;
				CLANG_WARN_OBJC_LITERAL_CONVERSION = YES;
				CLANG_WARN_OBJC_ROOT_CLASS = YES_ERROR;
				CLANG_WARN_QUOTED_INCLUDE_IN_FRAMEWORK_HEADER = YES;
				CLANG_WARN_RANGE_LOOP_ANALYSIS = YES;
				CLANG_WARN_STRICT_PROTOTYPES = YES;
				CLANG_WARN_SUSPICIOUS_MOVE = YES;
				CLANG_WARN_UNGUARDED_AVAILABILITY = YES_AGGRESSIVE;
				CLANG_WARN_UNREACHABLE_CODE = YES;
				CLANG_WARN__DUPLICATE_METHOD_MATCH = YES;
				COPY_PHASE_STRIP = NO;
				DEBUG_INFORMATION_FORMAT = dwarf;
				ENABLE_STRICT_OBJC_MSGSEND = YES;
				ENABLE_TESTABILITY = YES;
				ENABLE_USER_SCRIPT_SANDBOXING = YES;
				GCC_C_LANGUAGE_STANDARD = gnu17;
				GCC_DYNAMIC_NO_PIC = NO;
				GCC_NO_COMMON_BLOCKS = YES;
				GCC_OPTIMIZATION_LEVEL = 0;
				GCC_PREPROCESSOR_DEFINITIONS = (
					"DEBUG=1",
					"$(inherited)",
				);
				GCC_WARN_64_TO_32_BIT_CONVERSION = YES;
				GCC_WARN_ABOUT_RETURN_TYPE = YES_ERROR;
				GCC_WARN_UNDECLARED_SELECTOR = YES;
				GCC_WARN_UNINITIALIZED_AUTOS = YES_AGGRESSIVE;
				GCC_WARN_UNUSED_FUNCTION = YES;
				GCC_WARN_UNUSED_VARIABLE = YES;
				IPHONEOS_DEPLOYMENT_TARGET = 17.0;
				LOCALIZATION_PREFERS_STRING_CATALOGS = YES;
				MTL_ENABLE_DEBUG_INFO = INCLUDE_SOURCE;
				MTL_FAST_MATH = YES;
				ONLY_ACTIVE_ARCH = YES;
				SDKROOT = iphoneos;
				SWIFT_ACTIVE_COMPILATION_CONDITIONS = "DEBUG $(inherited)";
				SWIFT_OPTIMIZATION_LEVEL = "-Onone";
			};
			name = Debug;
		};
		52E6A7C62B279D1D008A0ED5 /* Release */ = {
			isa = XCBuildConfiguration;
			buildSettings = {
				ALWAYS_SEARCH_USER_PATHS = NO;
				ASSETCATALOG_COMPILER_GENERATE_SWIFT_ASSET_SYMBOL_EXTENSIONS = YES;
				CLANG_ANALYZER_NONNULL = YES;
				CLANG_ANALYZER_NUMBER_OBJECT_CONVERSION = YES_AGGRESSIVE;
				CLANG_CXX_LANGUAGE_STANDARD = "gnu++20";
				CLANG_ENABLE_MODULES = YES;
				CLANG_ENABLE_OBJC_ARC = YES;
				CLANG_ENABLE_OBJC_WEAK = YES;
				CLANG_WARN_BLOCK_CAPTURE_AUTORELEASING = YES;
				CLANG_WARN_BOOL_CONVERSION = YES;
				CLANG_WARN_COMMA = YES;
				CLANG_WARN_CONSTANT_CONVERSION = YES;
				CLANG_WARN_DEPRECATED_OBJC_IMPLEMENTATIONS = YES;
				CLANG_WARN_DIRECT_OBJC_ISA_USAGE = YES_ERROR;
				CLANG_WARN_DOCUMENTATION_COMMENTS = YES;
				CLANG_WARN_EMPTY_BODY = YES;
				CLANG_WARN_ENUM_CONVERSION = YES;
				CLANG_WARN_INFINITE_RECURSION = YES;
				CLANG_WARN_INT_CONVERSION = YES;
				CLANG_WARN_NON_LITERAL_NULL_CONVERSION = YES;
				CLANG_WARN_OBJC_IMPLICIT_RETAIN_SELF = YES;
				CLANG_WARN_OBJC_LITERAL_CONVERSION = YES;
				CLANG_WARN_OBJC_ROOT_CLASS = YES_ERROR;
				CLANG_WARN_QUOTED_INCLUDE_IN_FRAMEWORK_HEADER = YES;
				CLANG_WARN_RANGE_LOOP_ANALYSIS = YES;
				CLANG_WARN_STRICT_PROTOTYPES = YES;
				CLANG_WARN_SUSPICIOUS_MOVE = YES;
				CLANG_WARN_UNGUARDED_AVAILABILITY = YES_AGGRESSIVE;
				CLANG_WARN_UNREACHABLE_CODE = YES;
				CLANG_WARN__DUPLICATE_METHOD_MATCH = YES;
				COPY_PHASE_STRIP = NO;
				DEBUG_INFORMATION_FORMAT = "dwarf-with-dsym";
				ENABLE_NS_ASSERTIONS = NO;
				ENABLE_STRICT_OBJC_MSGSEND = YES;
				ENABLE_USER_SCRIPT_SANDBOXING = YES;
				GCC_C_LANGUAGE_STANDARD = gnu17;
				GCC_NO_COMMON_BLOCKS = YES;
				GCC_WARN_64_TO_32_BIT_CONVERSION = YES;
				GCC_WARN_ABOUT_RETURN_TYPE = YES_ERROR;
				GCC_WARN_UNDECLARED_SELECTOR = YES;
				GCC_WARN_UNINITIALIZED_AUTOS = YES_AGGRESSIVE;
				GCC_WARN_UNUSED_FUNCTION = YES;
				GCC_WARN_UNUSED_VARIABLE = YES;
				IPHONEOS_DEPLOYMENT_TARGET = 17.0;
				LOCALIZATION_PREFERS_STRING_CATALOGS = YES;
				MTL_ENABLE_DEBUG_INFO = NO;
				MTL_FAST_MATH = YES;
				SDKROOT = iphoneos;
				SWIFT_COMPILATION_MODE = wholemodule;
				VALIDATE_PRODUCT = YES;
			};
			name = Release;
		};
		52E6A7C82B279D1D008A0ED5 /* Debug */ = {
			isa = XCBuildConfiguration;
			buildSettings = {
				ASSETCATALOG_COMPILER_APPICON_NAME = AppIcon;
				ASSETCATALOG_COMPILER_GLOBAL_ACCENT_COLOR_NAME = AccentColor;
				CODE_SIGN_STYLE = Automatic;
				CURRENT_PROJECT_VERSION = 1;
				DEVELOPMENT_ASSET_PATHS = "\"CS50Converter/Preview Content\"";
				DEVELOPMENT_TEAM = M787RMY897;
				ENABLE_PREVIEWS = YES;
				GENERATE_INFOPLIST_FILE = YES;
				INFOPLIST_KEY_CFBundleDisplayName = "Simple Converter";
				INFOPLIST_KEY_UIApplicationSceneManifest_Generation = YES;
				INFOPLIST_KEY_UIApplicationSupportsIndirectInputEvents = YES;
				INFOPLIST_KEY_UILaunchScreen_Generation = YES;
				INFOPLIST_KEY_UISupportedInterfaceOrientations_iPad = "UIInterfaceOrientationPortrait UIInterfaceOrientationPortraitUpsideDown UIInterfaceOrientationLandscapeLeft UIInterfaceOrientationLandscapeRight";
				INFOPLIST_KEY_UISupportedInterfaceOrientations_iPhone = "UIInterfaceOrientationPortrait UIInterfaceOrientationLandscapeLeft UIInterfaceOrientationLandscapeRight";
				LD_RUNPATH_SEARCH_PATHS = (
					"$(inherited)",
					"@executable_path/Frameworks",
				);
				MARKETING_VERSION = 1.0;
				PRODUCT_BUNDLE_IDENTIFIER = john.CS50Converter;
				PRODUCT_NAME = "$(TARGET_NAME)";
				SWIFT_EMIT_LOC_STRINGS = YES;
				SWIFT_VERSION = 5.0;
				TARGETED_DEVICE_FAMILY = "1,2";
			};
			name = Debug;
		};
		52E6A7C92B279D1D008A0ED5 /* Release */ = {
			isa = XCBuildConfiguration;
			buildSettings = {
				ASSETCATALOG_COMPILER_APPICON_NAME = AppIcon;
				ASSETCATALOG_COMPILER_GLOBAL_ACCENT_COLOR_NAME = AccentColor;
				CODE_SIGN_STYLE = Automatic;
				CURRENT_PROJECT_VERSION = 1;
				DEVELOPMENT_ASSET_PATHS = "\"CS50Converter/Preview Content\"";
				DEVELOPMENT_TEAM = M787RMY897;
				ENABLE_PREVIEWS = YES;
				GENERATE_INFOPLIST_FILE = YES;
				INFOPLIST_KEY_CFBundleDisplayName = "Simple Converter";
				INFOPLIST_KEY_UIApplicationSceneManifest_Generation = YES;
				INFOPLIST_KEY_UIApplicationSupportsIndirectInputEvents = YES;
				INFOPLIST_KEY_UILaunchScreen_Generation = YES;
				INFOPLIST_KEY_UISupportedInterfaceOrientations_iPad = "UIInterfaceOrientationPortrait UIInterfaceOrientationPortraitUpsideDown UIInterfaceOrientationLandscapeLeft UIInterfaceOrientationLandscapeRight";
				INFOPLIST_KEY_UISupportedInterfaceOrientations_iPhone = "UIInterfaceOrientationPortrait UIInterfaceOrientationLandscapeLeft UIInterfaceOrientationLandscapeRight";
				LD_RUNPATH_SEARCH_PATHS = (
					"$(inherited)",
					"@executable_path/Frameworks",
				);
				MARKETING_VERSION = 1.0;
				PRODUCT_BUNDLE_IDENTIFIER = john.CS50Converter;
				PRODUCT_NAME = "$(TARGET_NAME)";
				SWIFT_EMIT_LOC_STRINGS = YES;
				SWIFT_VERSION = 5.0;
				TARGETED_DEVICE_FAMILY = "1,2";
			};
			name = Release;
		};
/* End XCBuildConfiguration section */

/* Begin XCConfigurationList section */
		52E6A7B42B279D1C008A0ED5 /* Build configuration list for PBXProject "CS50Converter" */ = {
			isa = XCConfigurationList;
			buildConfigurations = (
				52E6A7C52B279D1D008A0ED5 /* Debug */,
				52E6A7C62B279D1D008A0ED5 /* Release */,
			);
			defaultConfigurationIsVisible = 0;
			defaultConfigurationName = Release;
		};
		52E6A7C72B279D1D008A0ED5 /* Build configuration list for PBXNativeTarget "CS50Converter" */ = {
			isa = XCConfigurationList;
			buildConfigurations = (
				52E6A7C82B279D1D008A0ED5 /* Debug */,
				52E6A7C92B279D1D008A0ED5 /* Release */,
			);
			defaultConfigurationIsVisible = 0;
			defaultConfigurationName = Release;
		};
/* End XCConfigurationList section */
	};
	rootObject = 52E6A7B12B279D1C008A0ED5 /* Project object */;
}
